
Microsoft Visual Studio Solution File, Format Version 12.00
# Visual Studio 15
VisualStudioVersion = 15.0.27703.2042
MinimumVisualStudioVersion = 10.0.40219.1
Project("{9A19103F-16F7-4668-BE54-9A1E7A4F7556}") = "Transit-Dev-API-1", "Transit-Dev-API-1.csproj", "{CE92DAE1-4C1A-4194-92B0-46BDCBA070DE}"
EndProject
Global
	GlobalSection(SolutionConfigurationPlatforms) = preSolution
		Debug|Any CPU = Debug|Any CPU
		Release|Any CPU = Release|Any CPU
	EndGlobalSection
	GlobalSection(ProjectConfigurationPlatforms) = postSolution
		{CE92DAE1-4C1A-4194-92B0-46BDCBA070DE}.Debug|Any CPU.ActiveCfg = Debug|Any CPU
		{CE92DAE1-4C1A-4194-92B0-46BDCBA070DE}.Debug|Any CPU.Build.0 = Debug|Any CPU
		{CE92DAE1-4C1A-4194-92B0-46BDCBA070DE}.Release|Any CPU.ActiveCfg = Release|Any CPU
		{CE92DAE1-4C1A-4194-92B0-46BDCBA070DE}.Release|Any CPU.Build.0 = Release|Any CPU
	EndGlobalSection
	GlobalSection(SolutionProperties) = preSolution
		HideSolutionNode = FALSE
	EndGlobalSection
	GlobalSection(ExtensibilityGlobals) = postSolution
		SolutionGuid = {AE768309-3D71-4D92-B0A6-699CCA5ABF72}
	EndGlobalSection
EndGlobal
